// !$*UTF8*$!
{
	archiveVersion = 1;
	classes = {
	};
	objectVersion = 46;
	objects = {

/* Begin PBXBuildFile section */
		21408A3B1F557F3A00FD60FA /* AppDelegate.swift in Sources */ = {isa = PBXBuildFile; fileRef = 21408A3A1F557F3A00FD60FA /* AppDelegate.swift */; };
		21408A3D1F557F3A00FD60FA /* ViewController.swift in Sources */ = {isa = PBXBuildFile; fileRef = 21408A3C1F557F3A00FD60FA /* ViewController.swift */; };
		21408A401F557F3A00FD60FA /* Main.storyboard in Resources */ = {isa = PBXBuildFile; fileRef = 21408A3E1F557F3A00FD60FA /* Main.storyboard */; };
		21408A421F557F3A00FD60FA /* Assets.xcassets in Resources */ = {isa = PBXBuildFile; fileRef = 21408A411F557F3A00FD60FA /* Assets.xcassets */; };
		76E65CA41D4CA143009B7AF1 /* DeviceUID.m in Sources */ = {isa = PBXBuildFile; fileRef = 76E65CA31D4CA143009B7AF1 /* DeviceUID.m */; };
		DA5891DC1BA9A9FC002B4DB2 /* RNDeviceInfo.h in CopyFiles */ = {isa = PBXBuildFile; fileRef = DA5891DB1BA9A9FC002B4DB2 /* RNDeviceInfo.h */; };
		DA5891DE1BA9A9FC002B4DB2 /* RNDeviceInfo.m in Sources */ = {isa = PBXBuildFile; fileRef = DA5891DD1BA9A9FC002B4DB2 /* RNDeviceInfo.m */; };
/* End PBXBuildFile section */

/* Begin PBXCopyFilesBuildPhase section */
		DA5891D61BA9A9FC002B4DB2 /* CopyFiles */ = {
			isa = PBXCopyFilesBuildPhase;
			buildActionMask = 2147483647;
			dstPath = "include/$(PRODUCT_NAME)";
			dstSubfolderSpec = 16;
			files = (
				DA5891DC1BA9A9FC002B4DB2 /* RNDeviceInfo.h in CopyFiles */,
			);
			runOnlyForDeploymentPostprocessing = 0;
		};
/* End PBXCopyFilesBuildPhase section */

/* Begin PBXFileReference section */
		21408A381F557F3A00FD60FA /* RNDeviceInfo-tvOS.app */ = {isa = PBXFileReference; explicitFileType = wrapper.application; includeInIndex = 0; path = "RNDeviceInfo-tvOS.app"; sourceTree = BUILT_PRODUCTS_DIR; };
		21408A3A1F557F3A00FD60FA /* AppDelegate.swift */ = {isa = PBXFileReference; lastKnownFileType = sourcecode.swift; path = AppDelegate.swift; sourceTree = "<group>"; };
		21408A3C1F557F3A00FD60FA /* ViewController.swift */ = {isa = PBXFileReference; lastKnownFileType = sourcecode.swift; path = ViewController.swift; sourceTree = "<group>"; };
		21408A3F1F557F3A00FD60FA /* Base */ = {isa = PBXFileReference; lastKnownFileType = file.storyboard; name = Base; path = Base.lproj/Main.storyboard; sourceTree = "<group>"; };
		21408A411F557F3A00FD60FA /* Assets.xcassets */ = {isa = PBXFileReference; lastKnownFileType = folder.assetcatalog; path = Assets.xcassets; sourceTree = "<group>"; };
		21408A431F557F3A00FD60FA /* Info.plist */ = {isa = PBXFileReference; lastKnownFileType = text.plist.xml; path = Info.plist; sourceTree = "<group>"; };
		76E65CA21D4CA143009B7AF1 /* DeviceUID.h */ = {isa = PBXFileReference; fileEncoding = 4; lastKnownFileType = sourcecode.c.h; path = DeviceUID.h; sourceTree = "<group>"; };
		76E65CA31D4CA143009B7AF1 /* DeviceUID.m */ = {isa = PBXFileReference; fileEncoding = 4; lastKnownFileType = sourcecode.c.objc; path = DeviceUID.m; sourceTree = "<group>"; };
		DA5891D81BA9A9FC002B4DB2 /* libRNDeviceInfo.a */ = {isa = PBXFileReference; explicitFileType = archive.ar; includeInIndex = 0; path = libRNDeviceInfo.a; sourceTree = BUILT_PRODUCTS_DIR; };
		DA5891DB1BA9A9FC002B4DB2 /* RNDeviceInfo.h */ = {isa = PBXFileReference; lastKnownFileType = sourcecode.c.h; path = RNDeviceInfo.h; sourceTree = "<group>"; };
		DA5891DD1BA9A9FC002B4DB2 /* RNDeviceInfo.m */ = {isa = PBXFileReference; lastKnownFileType = sourcecode.c.objc; path = RNDeviceInfo.m; sourceTree = "<group>"; };
/* End PBXFileReference section */

/* Begin PBXFrameworksBuildPhase section */
		21408A351F557F3A00FD60FA /* Frameworks */ = {
			isa = PBXFrameworksBuildPhase;
			buildActionMask = 2147483647;
			files = (
			);
			runOnlyForDeploymentPostprocessing = 0;
		};
		DA5891D51BA9A9FC002B4DB2 /* Frameworks */ = {
			isa = PBXFrameworksBuildPhase;
			buildActionMask = 2147483647;
			files = (
			);
			runOnlyForDeploymentPostprocessing = 0;
		};
/* End PBXFrameworksBuildPhase section */

/* Begin PBXGroup section */
		21408A391F557F3A00FD60FA /* RNDeviceInfo-tvOS */ = {
			isa = PBXGroup;
			children = (
				21408A3A1F557F3A00FD60FA /* AppDelegate.swift */,
				21408A3C1F557F3A00FD60FA /* ViewController.swift */,
				21408A3E1F557F3A00FD60FA /* Main.storyboard */,
				21408A411F557F3A00FD60FA /* Assets.xcassets */,
				21408A431F557F3A00FD60FA /* Info.plist */,
			);
			path = "RNDeviceInfo-tvOS";
			sourceTree = "<group>";
		};
		DA5891CF1BA9A9FC002B4DB2 = {
			isa = PBXGroup;
			children = (
				DA5891DA1BA9A9FC002B4DB2 /* RNDeviceInfo */,
				21408A391F557F3A00FD60FA /* RNDeviceInfo-tvOS */,
				DA5891D91BA9A9FC002B4DB2 /* Products */,
			);
			sourceTree = "<group>";
		};
		DA5891D91BA9A9FC002B4DB2 /* Products */ = {
			isa = PBXGroup;
			children = (
				DA5891D81BA9A9FC002B4DB2 /* libRNDeviceInfo.a */,
				21408A381F557F3A00FD60FA /* RNDeviceInfo-tvOS.app */,
			);
			name = Products;
			sourceTree = "<group>";
		};
		DA5891DA1BA9A9FC002B4DB2 /* RNDeviceInfo */ = {
			isa = PBXGroup;
			children = (
				76E65CA21D4CA143009B7AF1 /* DeviceUID.h */,
				76E65CA31D4CA143009B7AF1 /* DeviceUID.m */,
				DA5891DB1BA9A9FC002B4DB2 /* RNDeviceInfo.h */,
				DA5891DD1BA9A9FC002B4DB2 /* RNDeviceInfo.m */,
			);
			path = RNDeviceInfo;
			sourceTree = "<group>";
		};
/* End PBXGroup section */

/* Begin PBXNativeTarget section */
		21408A371F557F3A00FD60FA /* RNDeviceInfo-tvOS */ = {
			isa = PBXNativeTarget;
			buildConfigurationList = 21408A461F557F3A00FD60FA /* Build configuration list for PBXNativeTarget "RNDeviceInfo-tvOS" */;
			buildPhases = (
				21408A341F557F3A00FD60FA /* Sources */,
				21408A351F557F3A00FD60FA /* Frameworks */,
				21408A361F557F3A00FD60FA /* Resources */,
			);
			buildRules = (
			);
			dependencies = (
			);
			name = "RNDeviceInfo-tvOS";
			productName = "RNDeviceInfo-tvOS";
			productReference = 21408A381F557F3A00FD60FA /* RNDeviceInfo-tvOS.app */;
			productType = "com.apple.product-type.application";
		};
		DA5891D71BA9A9FC002B4DB2 /* RNDeviceInfo */ = {
			isa = PBXNativeTarget;
			buildConfigurationList = DA5891E11BA9A9FC002B4DB2 /* Build configuration list for PBXNativeTarget "RNDeviceInfo" */;
			buildPhases = (
				DA5891D41BA9A9FC002B4DB2 /* Sources */,
				DA5891D51BA9A9FC002B4DB2 /* Frameworks */,
				DA5891D61BA9A9FC002B4DB2 /* CopyFiles */,
			);
			buildRules = (
			);
			dependencies = (
			);
			name = RNDeviceInfo;
			productName = RNDeviceInfo;
			productReference = DA5891D81BA9A9FC002B4DB2 /* libRNDeviceInfo.a */;
			productType = "com.apple.product-type.library.static";
		};
/* End PBXNativeTarget section */

/* Begin PBXProject section */
		DA5891D01BA9A9FC002B4DB2 /* Project object */ = {
			isa = PBXProject;
			attributes = {
				LastSwiftUpdateCheck = 0830;
				LastUpgradeCheck = 0700;
				ORGANIZATIONNAME = Learnium;
				TargetAttributes = {
					21408A371F557F3A00FD60FA = {
						CreatedOnToolsVersion = 8.3.3;
						DevelopmentTeam = M65H9YXD6X;
						ProvisioningStyle = Automatic;
					};
					DA5891D71BA9A9FC002B4DB2 = {
						CreatedOnToolsVersion = 7.0;
					};
				};
			};
			buildConfigurationList = DA5891D31BA9A9FC002B4DB2 /* Build configuration list for PBXProject "RNDeviceInfo" */;
			compatibilityVersion = "Xcode 3.2";
			developmentRegion = English;
			hasScannedForEncodings = 0;
			knownRegions = (
				en,
				Base,
			);
			mainGroup = DA5891CF1BA9A9FC002B4DB2;
			productRefGroup = DA5891D91BA9A9FC002B4DB2 /* Products */;
			projectDirPath = "";
			projectRoot = "";
			targets = (
				DA5891D71BA9A9FC002B4DB2 /* RNDeviceInfo */,
				21408A371F557F3A00FD60FA /* RNDeviceInfo-tvOS */,
			);
		};
/* End PBXProject section */

/* Begin PBXResourcesBuildPhase section */
		21408A361F557F3A00FD60FA /* Resources */ = {
			isa = PBXResourcesBuildPhase;
			buildActionMask = 2147483647;
			files = (
				21408A421F557F3A00FD60FA /* Assets.xcassets in Resources */,
				21408A401F557F3A00FD60FA /* Main.storyboard in Resources */,
			);
			runOnlyForDeploymentPostprocessing = 0;
		};
/* End PBXResourcesBuildPhase section */

/* Begin PBXSourcesBuildPhase section */
		21408A341F557F3A00FD60FA /* Sources */ = {
			isa = PBXSourcesBuildPhase;
			buildActionMask = 2147483647;
			files = (
				21408A3D1F557F3A00FD60FA /* ViewController.swift in Sources */,
				21408A3B1F557F3A00FD60FA /* AppDelegate.swift in Sources */,
			);
			runOnlyForDeploymentPostprocessing = 0;
		};
		DA5891D41BA9A9FC002B4DB2 /* Sources */ = {
			isa = PBXSourcesBuildPhase;
			buildActionMask = 2147483647;
			files = (
				76E65CA41D4CA143009B7AF1 /* DeviceUID.m in Sources */,
				DA5891DE1BA9A9FC002B4DB2 /* RNDeviceInfo.m in Sources */,
			);
			runOnlyForDeploymentPostprocessing = 0;
		};
/* End PBXSourcesBuildPhase section */

/* Begin PBXVariantGroup section */
		21408A3E1F557F3A00FD60FA /* Main.storyboard */ = {
			isa = PBXVariantGroup;
			children = (
				21408A3F1F557F3A00FD60FA /* Base */,
			);
			name = Main.storyboard;
			sourceTree = "<group>";
		};
/* End PBXVariantGroup section */

/* Begin XCBuildConfiguration section */
		21408A441F557F3A00FD60FA /* Debug */ = {
			isa = XCBuildConfiguration;
			buildSettings = {
				ASSETCATALOG_COMPILER_APPICON_NAME = "App Icon & Top Shelf Image";
				ASSETCATALOG_COMPILER_LAUNCHIMAGE_NAME = LaunchImage;
				CLANG_ANALYZER_NONNULL = YES;
				CLANG_ANALYZER_NUMBER_OBJECT_CONVERSION = YES_AGGRESSIVE;
				CLANG_WARN_DOCUMENTATION_COMMENTS = YES;
				CLANG_WARN_INFINITE_RECURSION = YES;
				CLANG_WARN_SUSPICIOUS_MOVE = YES;
				DEVELOPMENT_TEAM = M65H9YXD6X;
				INFOPLIST_FILE = "RNDeviceInfo-tvOS/Info.plist";
				LD_RUNPATH_SEARCH_PATHS = "$(inherited) @executable_path/Frameworks";
				PRODUCT_BUNDLE_IDENTIFIER = "com.maximmcnair..RNDeviceInfo-tvOS";
				PRODUCT_NAME = "$(TARGET_NAME)";
				SDKROOT = appletvos;
				SWIFT_ACTIVE_COMPILATION_CONDITIONS = DEBUG;
				SWIFT_OPTIMIZATION_LEVEL = "-Onone";
				SWIFT_VERSION = 3.0;
				TARGETED_DEVICE_FAMILY = 3;
				TVOS_DEPLOYMENT_TARGET = 10.2;
			};
			name = Debug;
		};
		21408A451F557F3A00FD60FA /* Release */ = {
			isa = XCBuildConfiguration;
			buildSettings = {
				ASSETCATALOG_COMPILER_APPICON_NAME = "App Icon & Top Shelf Image";
				ASSETCATALOG_COMPILER_LAUNCHIMAGE_NAME = LaunchImage;
				CLANG_ANALYZER_NONNULL = YES;
				CLANG_ANALYZER_NUMBER_OBJECT_CONVERSION = YES_AGGRESSIVE;
				CLANG_WARN_DOCUMENTATION_COMMENTS = YES;
				CLANG_WARN_INFINITE_RECURSION = YES;
				CLANG_WARN_SUSPICIOUS_MOVE = YES;
				DEVELOPMENT_TEAM = M65H9YXD6X;
				INFOPLIST_FILE = "RNDeviceInfo-tvOS/Info.plist";
				LD_RUNPATH_SEARCH_PATHS = "$(inherited) @executable_path/Frameworks";
				PRODUCT_BUNDLE_IDENTIFIER = "com.maximmcnair..RNDeviceInfo-tvOS";
				PRODUCT_NAME = "$(TARGET_NAME)";
				SDKROOT = appletvos;
				SWIFT_OPTIMIZATION_LEVEL = "-Owholemodule";
				SWIFT_VERSION = 3.0;
				TARGETED_DEVICE_FAMILY = 3;
				TVOS_DEPLOYMENT_TARGET = 10.2;
			};
			name = Release;
		};
		DA5891DF1BA9A9FC002B4DB2 /* Debug */ = {
			isa = XCBuildConfiguration;
			buildSettings = {
				ALWAYS_SEARCH_USER_PATHS = NO;
				CLANG_CXX_LANGUAGE_STANDARD = "gnu++0x";
				CLANG_CXX_LIBRARY = "libc++";
				CLANG_ENABLE_MODULES = YES;
				CLANG_ENABLE_OBJC_ARC = YES;
				CLANG_WARN_BOOL_CONVERSION = YES;
				CLANG_WARN_CONSTANT_CONVERSION = YES;
				CLANG_WARN_DIRECT_OBJC_ISA_USAGE = YES_ERROR;
				CLANG_WARN_EMPTY_BODY = YES;
				CLANG_WARN_ENUM_CONVERSION = YES;
				CLANG_WARN_INT_CONVERSION = YES;
				CLANG_WARN_OBJC_ROOT_CLASS = YES_ERROR;
				CLANG_WARN_UNREACHABLE_CODE = YES;
				CLANG_WARN__DUPLICATE_METHOD_MATCH = YES;
				COPY_PHASE_STRIP = NO;
				DEBUG_INFORMATION_FORMAT = dwarf;
				ENABLE_STRICT_OBJC_MSGSEND = YES;
				ENABLE_TESTABILITY = YES;
				GCC_C_LANGUAGE_STANDARD = gnu99;
				GCC_DYNAMIC_NO_PIC = NO;
				GCC_NO_COMMON_BLOCKS = YES;
				GCC_OPTIMIZATION_LEVEL = 0;
				GCC_PREPROCESSOR_DEFINITIONS = (
					"DEBUG=1",
					"$(inherited)",
				);
				GCC_WARN_64_TO_32_BIT_CONVERSION = YES;
				GCC_WARN_ABOUT_RETURN_TYPE = YES_ERROR;
				GCC_WARN_UNDECLARED_SELECTOR = YES;
				GCC_WARN_UNINITIALIZED_AUTOS = YES_AGGRESSIVE;
				GCC_WARN_UNUSED_FUNCTION = YES;
				GCC_WARN_UNUSED_VARIABLE = YES;
				IPHONEOS_DEPLOYMENT_TARGET = 9.0;
				MTL_ENABLE_DEBUG_INFO = YES;
				ONLY_ACTIVE_ARCH = YES;
				SDKROOT = iphoneos;
			};
			name = Debug;
		};
		DA5891E01BA9A9FC002B4DB2 /* Release */ = {
			isa = XCBuildConfiguration;
			buildSettings = {
				ALWAYS_SEARCH_USER_PATHS = NO;
				CLANG_CXX_LANGUAGE_STANDARD = "gnu++0x";
				CLANG_CXX_LIBRARY = "libc++";
				CLANG_ENABLE_MODULES = YES;
				CLANG_ENABLE_OBJC_ARC = YES;
				CLANG_WARN_BOOL_CONVERSION = YES;
				CLANG_WARN_CONSTANT_CONVERSION = YES;
				CLANG_WARN_DIRECT_OBJC_ISA_USAGE = YES_ERROR;
				CLANG_WARN_EMPTY_BODY = YES;
				CLANG_WARN_ENUM_CONVERSION = YES;
				CLANG_WARN_INT_CONVERSION = YES;
				CLANG_WARN_OBJC_ROOT_CLASS = YES_ERROR;
				CLANG_WARN_UNREACHABLE_CODE = YES;
				CLANG_WARN__DUPLICATE_METHOD_MATCH = YES;
				COPY_PHASE_STRIP = NO;
				DEBUG_INFORMATION_FORMAT = "dwarf-with-dsym";
				ENABLE_NS_ASSERTIONS = NO;
				ENABLE_STRICT_OBJC_MSGSEND = YES;
				GCC_C_LANGUAGE_STANDARD = gnu99;
				GCC_NO_COMMON_BLOCKS = YES;
				GCC_WARN_64_TO_32_BIT_CONVERSION = YES;
				GCC_WARN_ABOUT_RETURN_TYPE = YES_ERROR;
				GCC_WARN_UNDECLARED_SELECTOR = YES;
				GCC_WARN_UNINITIALIZED_AUTOS = YES_AGGRESSIVE;
				GCC_WARN_UNUSED_FUNCTION = YES;
				GCC_WARN_UNUSED_VARIABLE = YES;
				IPHONEOS_DEPLOYMENT_TARGET = 9.0;
				MTL_ENABLE_DEBUG_INFO = NO;
				SDKROOT = iphoneos;
				VALIDATE_PRODUCT = YES;
			};
			name = Release;
		};
		DA5891E21BA9A9FC002B4DB2 /* Debug */ = {
			isa = XCBuildConfiguration;
			buildSettings = {
				HEADER_SEARCH_PATHS = (
					"$(inherited)",
					"$(BUILT_PRODUCTS_DIR)/usr/local/include",
					"$(SRCROOT)/../../React/**",
					"$(SRCROOT)/node_modules/react-native/React/**",
					"$(SRCROOT)/../react-native/React/**",
					"$(SRCROOT)/../../../node_modules/react-native/React/**",
				);
				IPHONEOS_DEPLOYMENT_TARGET = 8.0;
				OTHER_LDFLAGS = "-ObjC";
				PRODUCT_NAME = "$(TARGET_NAME)";
				SKIP_INSTALL = YES;
			};
			name = Debug;
		};
		DA5891E31BA9A9FC002B4DB2 /* Release */ = {
			isa = XCBuildConfiguration;
			buildSettings = {
				HEADER_SEARCH_PATHS = (
					"$(inherited)",
					"$(BUILT_PRODUCTS_DIR)/usr/local/include",
					"$(SRCROOT)/../../React/**",
					"$(SRCROOT)/node_modules/react-native/React/**",
					"$(SRCROOT)/../react-native/React/**",
					"$(SRCROOT)/../../../node_modules/react-native/React/**",
				);
				IPHONEOS_DEPLOYMENT_TARGET = 8.0;
				OTHER_LDFLAGS = "-ObjC";
				PRODUCT_NAME = "$(TARGET_NAME)";
				SKIP_INSTALL = YES;
			};
			name = Release;
		};
/* End XCBuildConfiguration section */

/* Begin XCConfigurationList section */
		21408A461F557F3A00FD60FA /* Build configuration list for PBXNativeTarget "RNDeviceInfo-tvOS" */ = {
			isa = XCConfigurationList;
			buildConfigurations = (
				21408A441F557F3A00FD60FA /* Debug */,
				21408A451F557F3A00FD60FA /* Release */,
			);
			defaultConfigurationIsVisible = 0;
		};
		DA5891D31BA9A9FC002B4DB2 /* Build configuration list for PBXProject "RNDeviceInfo" */ = {
			isa = XCConfigurationList;
			buildConfigurations = (
				DA5891DF1BA9A9FC002B4DB2 /* Debug */,
				DA5891E01BA9A9FC002B4DB2 /* Release */,
			);
			defaultConfigurationIsVisible = 0;
			defaultConfigurationName = Release;
		};
		DA5891E11BA9A9FC002B4DB2 /* Build configuration list for PBXNativeTarget "RNDeviceInfo" */ = {
			isa = XCConfigurationList;
			buildConfigurations = (
				DA5891E21BA9A9FC002B4DB2 /* Debug */,
				DA5891E31BA9A9FC002B4DB2 /* Release */,
			);
			defaultConfigurationIsVisible = 0;
			defaultConfigurationName = Release;
		};
/* End XCConfigurationList section */
	};
	rootObject = DA5891D01BA9A9FC002B4DB2 /* Project object */;
}
